Microsoft Visual Studio Solution File, Format Version 11.00
# Visual Studio 2008

Project("{491F7497-482F-1C3C-96C1-116F98D943E7}") = "Unity-RPG", "Assembly-CSharp.csproj", "{A680C656-1494-4BD2-F1E1-C8CAFF377E3E}"
EndProject
Global
	GlobalSection(SolutionConfigurationPlatforms) = preSolution
		Debug|Any CPU = Debug|Any CPU
		Release|Any CPU = Release|Any CPU
	EndGlobalSection
	GlobalSection(ProjectConfigurationPlatforms) = postSolution
		{A680C656-1494-4BD2-F1E1-C8CAFF377E3E}.Debug|Any CPU.ActiveCfg = Debug|Any CPU
		{A680C656-1494-4BD2-F1E1-C8CAFF377E3E}.Debug|Any CPU.Build.0 = Debug|Any CPU
		{A680C656-1494-4BD2-F1E1-C8CAFF377E3E}.Release|Any CPU.ActiveCfg = Release|Any CPU
		{A680C656-1494-4BD2-F1E1-C8CAFF377E3E}.Release|Any CPU.Build.0 = Release|Any CPU
	EndGlobalSection
	GlobalSection(SolutionProperties) = preSolution
		HideSolutionNode = FALSE
	EndGlobalSection
	GlobalSection(MonoDevelopProperties) = preSolution
		StartupItem = Assembly-CSharp.csproj
	EndGlobalSection
EndGlobal
