Microsoft Visual Studio Solution File, Format Version 11.00
# Visual Studio 2008

Project("{32AA3872-C48D-66F4-FFF3-33A582216517}") = "Unity_RPG_Project", "Assembly-CSharp.csproj", "{75936EF2-4317-4A21-934A-C34D54AE2939}"
EndProject
Global
	GlobalSection(SolutionConfigurationPlatforms) = preSolution
		Debug|Any CPU = Debug|Any CPU
		Release|Any CPU = Release|Any CPU
	EndGlobalSection
	GlobalSection(ProjectConfigurationPlatforms) = postSolution
		{75936EF2-4317-4A21-934A-C34D54AE2939}.Debug|Any CPU.ActiveCfg = Debug|Any CPU
		{75936EF2-4317-4A21-934A-C34D54AE2939}.Debug|Any CPU.Build.0 = Debug|Any CPU
		{75936EF2-4317-4A21-934A-C34D54AE2939}.Release|Any CPU.ActiveCfg = Release|Any CPU
		{75936EF2-4317-4A21-934A-C34D54AE2939}.Release|Any CPU.Build.0 = Release|Any CPU
	EndGlobalSection
	GlobalSection(SolutionProperties) = preSolution
		HideSolutionNode = FALSE
	EndGlobalSection
	GlobalSection(MonoDevelopProperties) = preSolution
		StartupItem = Assembly-CSharp.csproj
	EndGlobalSection
EndGlobal
